
Microsoft Visual Studio Solution File, Format Version 12.00
# Visual Studio Version 17
VisualStudioVersion = 17.9.34616.47
MinimumVisualStudioVersion = 10.0.40219.1
Project("{FAE04EC0-301F-11D3-BF4B-00C04F79EFBC}") = "ConsoleUI", "ConsoleUI\ConsoleUI.csproj", "{1B9222CD-C18E-4551-8581-CA341FDB3B27}"
EndProject
Project("{FAE04EC0-301F-11D3-BF4B-00C04F79EFBC}") = "DemoLibrary", "DemoLibrary\DemoLibrary.csproj", "{BD576F68-0965-4D26-B073-CC3879DE3651}"
EndProject
Global
	GlobalSection(SolutionConfigurationPlatforms) = preSolution
		Debug|Any CPU = Debug|Any CPU
		Release|Any CPU = Release|Any CPU
	EndGlobalSection
	GlobalSection(ProjectConfigurationPlatforms) = postSolution
		{1B9222CD-C18E-4551-8581-CA341FDB3B27}.Debug|Any CPU.ActiveCfg = Debug|Any CPU
		{1B9222CD-C18E-4551-8581-CA341FDB3B27}.Debug|Any CPU.Build.0 = Debug|Any CPU
		{1B9222CD-C18E-4551-8581-CA341FDB3B27}.Release|Any CPU.ActiveCfg = Release|Any CPU
		{1B9222CD-C18E-4551-8581-CA341FDB3B27}.Release|Any CPU.Build.0 = Release|Any CPU
		{BD576F68-0965-4D26-B073-CC3879DE3651}.Debug|Any CPU.ActiveCfg = Debug|Any CPU
		{BD576F68-0965-4D26-B073-CC3879DE3651}.Debug|Any CPU.Build.0 = Debug|Any CPU
		{BD576F68-0965-4D26-B073-CC3879DE3651}.Release|Any CPU.ActiveCfg = Release|Any CPU
		{BD576F68-0965-4D26-B073-CC3879DE3651}.Release|Any CPU.Build.0 = Release|Any CPU
	EndGlobalSection
	GlobalSection(SolutionProperties) = preSolution
		HideSolutionNode = FALSE
	EndGlobalSection
	GlobalSection(ExtensibilityGlobals) = postSolution
		SolutionGuid = {02318351-619F-44A3-BBEE-4253F0593B4B}
	EndGlobalSection
EndGlobal
