
Microsoft Visual Studio Solution File, Format Version 12.00
# Visual Studio Version 17
VisualStudioVersion = 17.10.35122.118
MinimumVisualStudioVersion = 10.0.40219.1
Project("{FAE04EC0-301F-11D3-BF4B-00C04F79EFBC}") = "ConsoleUI", "ConsoleUI\ConsoleUI.csproj", "{016E1840-5392-4F04-9DE4-7EEF65E0DD1D}"
EndProject
Global
	GlobalSection(SolutionConfigurationPlatforms) = preSolution
		Debug|Any CPU = Debug|Any CPU
		Release|Any CPU = Release|Any CPU
	EndGlobalSection
	GlobalSection(ProjectConfigurationPlatforms) = postSolution
		{016E1840-5392-4F04-9DE4-7EEF65E0DD1D}.Debug|Any CPU.ActiveCfg = Debug|Any CPU
		{016E1840-5392-4F04-9DE4-7EEF65E0DD1D}.Debug|Any CPU.Build.0 = Debug|Any CPU
		{016E1840-5392-4F04-9DE4-7EEF65E0DD1D}.Release|Any CPU.ActiveCfg = Release|Any CPU
		{016E1840-5392-4F04-9DE4-7EEF65E0DD1D}.Release|Any CPU.Build.0 = Release|Any CPU
	EndGlobalSection
	GlobalSection(SolutionProperties) = preSolution
		HideSolutionNode = FALSE
	EndGlobalSection
	GlobalSection(ExtensibilityGlobals) = postSolution
		SolutionGuid = {D7410D75-F9A5-4A66-BD32-61CBD113B0D9}
	EndGlobalSection
EndGlobal
